
Microsoft Visual Studio Solution File, Format Version 12.00
Project("{FAE04EC0-301F-11D3-BF4B-00C04F79EFBC}") = "Day1", "Day1\Day1.csproj", "{099729BE-3E01-499A-B5AE-9CFE9E979387}"
EndProject
Project("{FAE04EC0-301F-11D3-BF4B-00C04F79EFBC}") = "Day2", "Day2\Day2.csproj", "{F2811DC9-6BC1-4B9C-BB99-FA86F68AFD14}"
EndProject
Project("{FAE04EC0-301F-11D3-BF4B-00C04F79EFBC}") = "Day3", "Day3\Day3.csproj", "{2FC32105-9C1D-4E60-BFB7-6C426CBBEF1F}"
EndProject
Project("{FAE04EC0-301F-11D3-BF4B-00C04F79EFBC}") = "Day4", "Day4\Day4.csproj", "{35FF267C-0366-425C-BAF3-2677F7D7FCD2}"
EndProject
Project("{FAE04EC0-301F-11D3-BF4B-00C04F79EFBC}") = "Day5", "Day5\Day5.csproj", "{DE56CF5E-874D-4863-ADA4-8BDE17BE31E7}"
EndProject
Project("{FAE04EC0-301F-11D3-BF4B-00C04F79EFBC}") = "Day6", "Day6\Day6.csproj", "{5DDD2177-A42C-48D3-AB86-590DB52D80C0}"
EndProject
Project("{FAE04EC0-301F-11D3-BF4B-00C04F79EFBC}") = "Day7", "Day7\Day7.csproj", "{BFD4F9C6-8321-4DA3-8733-2710EE075F24}"
EndProject
Project("{FAE04EC0-301F-11D3-BF4B-00C04F79EFBC}") = "Day8", "Day8\Day8.csproj", "{AEC01651-3CF7-41D5-889E-18C88F84B3AF}"
EndProject
Project("{FAE04EC0-301F-11D3-BF4B-00C04F79EFBC}") = "Day9", "Day9\Day9.csproj", "{6A4AA54B-C1DE-470A-95C4-C6D1FE8FDA1F}"
EndProject
Project("{FAE04EC0-301F-11D3-BF4B-00C04F79EFBC}") = "Day10", "Day10\Day10.csproj", "{2D49FCAF-7B44-42B4-8DD1-E6F0E026082E}"
EndProject
Project("{FAE04EC0-301F-11D3-BF4B-00C04F79EFBC}") = "Day11", "Day11\Day11.csproj", "{5B57E94A-B7F1-4C2F-AC25-1B9A30D79A9C}"
EndProject
Project("{FAE04EC0-301F-11D3-BF4B-00C04F79EFBC}") = "Day12", "Day12\Day12.csproj", "{6A532518-F7A6-4E98-A8BF-00FA1A4D49CD}"
EndProject
Project("{FAE04EC0-301F-11D3-BF4B-00C04F79EFBC}") = "Day13", "Day13\Day13.csproj", "{4FF7815E-2751-45AC-BEB7-DCAFC748D93B}"
EndProject
Project("{FAE04EC0-301F-11D3-BF4B-00C04F79EFBC}") = "Day14", "Day14\Day14.csproj", "{F228D09C-A723-460B-B777-4D0CECA8AE4E}"
EndProject
Project("{FAE04EC0-301F-11D3-BF4B-00C04F79EFBC}") = "Day15", "Day15\Day15.csproj", "{CB721C9B-5606-4FC8-B4ED-2146B1F03D93}"
EndProject
Project("{FAE04EC0-301F-11D3-BF4B-00C04F79EFBC}") = "Day16", "Day16\Day16.csproj", "{3BD52FA6-285C-4E33-855A-EA394C390041}"
EndProject
Project("{FAE04EC0-301F-11D3-BF4B-00C04F79EFBC}") = "Day17", "Day17\Day17.csproj", "{451A5AC5-04B3-4630-9833-BB405340F272}"
EndProject
Project("{FAE04EC0-301F-11D3-BF4B-00C04F79EFBC}") = "Day18", "Day18\Day18.csproj", "{0A0A1A05-6537-4B94-BF20-131A62DE8575}"
EndProject
Project("{FAE04EC0-301F-11D3-BF4B-00C04F79EFBC}") = "Day19", "Day19\Day19.csproj", "{38D17E6D-DB52-403D-A0CB-D4EC2F3DA1EE}"
EndProject
Project("{FAE04EC0-301F-11D3-BF4B-00C04F79EFBC}") = "Day20", "Day20\Day20.csproj", "{FB1C4C0A-4703-4CD9-8FF1-E4087AB5B2CC}"
EndProject
Project("{FAE04EC0-301F-11D3-BF4B-00C04F79EFBC}") = "Day21", "Day21\Day21.csproj", "{D834D01A-530A-4B9B-A599-5E8702DDB8E6}"
EndProject
Project("{FAE04EC0-301F-11D3-BF4B-00C04F79EFBC}") = "Day22", "Day22\Day22.csproj", "{999B3053-1C98-41CC-BEB0-0EB94F00902E}"
EndProject
Project("{FAE04EC0-301F-11D3-BF4B-00C04F79EFBC}") = "Day23", "Day23\Day23.csproj", "{E9027EEA-5C70-4880-A42C-E363C9D6EB91}"
EndProject
Project("{FAE04EC0-301F-11D3-BF4B-00C04F79EFBC}") = "Day24", "Day24\Day24.csproj", "{029AB320-D5A6-4E46-A245-AB9BD7E86FAD}"
EndProject
Project("{FAE04EC0-301F-11D3-BF4B-00C04F79EFBC}") = "Day25", "Day25\Day25.csproj", "{1E3A289F-7DA0-492A-803D-BDF1F932E52C}"
EndProject
Global
	GlobalSection(SolutionConfigurationPlatforms) = preSolution
		Debug|Any CPU = Debug|Any CPU
		Release|Any CPU = Release|Any CPU
	EndGlobalSection
	GlobalSection(ProjectConfigurationPlatforms) = postSolution
		{099729BE-3E01-499A-B5AE-9CFE9E979387}.Debug|Any CPU.ActiveCfg = Debug|Any CPU
		{099729BE-3E01-499A-B5AE-9CFE9E979387}.Debug|Any CPU.Build.0 = Debug|Any CPU
		{F2811DC9-6BC1-4B9C-BB99-FA86F68AFD14}.Debug|Any CPU.ActiveCfg = Debug|Any CPU
		{F2811DC9-6BC1-4B9C-BB99-FA86F68AFD14}.Debug|Any CPU.Build.0 = Debug|Any CPU
		{F2811DC9-6BC1-4B9C-BB99-FA86F68AFD14}.Release|Any CPU.ActiveCfg = Release|Any CPU
		{F2811DC9-6BC1-4B9C-BB99-FA86F68AFD14}.Release|Any CPU.Build.0 = Release|Any CPU
		{2FC32105-9C1D-4E60-BFB7-6C426CBBEF1F}.Debug|Any CPU.ActiveCfg = Debug|Any CPU
		{2FC32105-9C1D-4E60-BFB7-6C426CBBEF1F}.Debug|Any CPU.Build.0 = Debug|Any CPU
		{2FC32105-9C1D-4E60-BFB7-6C426CBBEF1F}.Release|Any CPU.ActiveCfg = Release|Any CPU
		{2FC32105-9C1D-4E60-BFB7-6C426CBBEF1F}.Release|Any CPU.Build.0 = Release|Any CPU
		{35FF267C-0366-425C-BAF3-2677F7D7FCD2}.Debug|Any CPU.ActiveCfg = Debug|Any CPU
		{35FF267C-0366-425C-BAF3-2677F7D7FCD2}.Debug|Any CPU.Build.0 = Debug|Any CPU
		{35FF267C-0366-425C-BAF3-2677F7D7FCD2}.Release|Any CPU.ActiveCfg = Release|Any CPU
		{35FF267C-0366-425C-BAF3-2677F7D7FCD2}.Release|Any CPU.Build.0 = Release|Any CPU
		{DE56CF5E-874D-4863-ADA4-8BDE17BE31E7}.Debug|Any CPU.ActiveCfg = Debug|Any CPU
		{DE56CF5E-874D-4863-ADA4-8BDE17BE31E7}.Debug|Any CPU.Build.0 = Debug|Any CPU
		{DE56CF5E-874D-4863-ADA4-8BDE17BE31E7}.Release|Any CPU.ActiveCfg = Release|Any CPU
		{DE56CF5E-874D-4863-ADA4-8BDE17BE31E7}.Release|Any CPU.Build.0 = Release|Any CPU
		{5DDD2177-A42C-48D3-AB86-590DB52D80C0}.Debug|Any CPU.ActiveCfg = Debug|Any CPU
		{5DDD2177-A42C-48D3-AB86-590DB52D80C0}.Debug|Any CPU.Build.0 = Debug|Any CPU
		{5DDD2177-A42C-48D3-AB86-590DB52D80C0}.Release|Any CPU.ActiveCfg = Release|Any CPU
		{5DDD2177-A42C-48D3-AB86-590DB52D80C0}.Release|Any CPU.Build.0 = Release|Any CPU
		{BFD4F9C6-8321-4DA3-8733-2710EE075F24}.Debug|Any CPU.ActiveCfg = Debug|Any CPU
		{BFD4F9C6-8321-4DA3-8733-2710EE075F24}.Debug|Any CPU.Build.0 = Debug|Any CPU
		{BFD4F9C6-8321-4DA3-8733-2710EE075F24}.Release|Any CPU.ActiveCfg = Release|Any CPU
		{BFD4F9C6-8321-4DA3-8733-2710EE075F24}.Release|Any CPU.Build.0 = Release|Any CPU
		{AEC01651-3CF7-41D5-889E-18C88F84B3AF}.Debug|Any CPU.ActiveCfg = Debug|Any CPU
		{AEC01651-3CF7-41D5-889E-18C88F84B3AF}.Debug|Any CPU.Build.0 = Debug|Any CPU
		{AEC01651-3CF7-41D5-889E-18C88F84B3AF}.Release|Any CPU.ActiveCfg = Release|Any CPU
		{AEC01651-3CF7-41D5-889E-18C88F84B3AF}.Release|Any CPU.Build.0 = Release|Any CPU
		{6A4AA54B-C1DE-470A-95C4-C6D1FE8FDA1F}.Debug|Any CPU.ActiveCfg = Debug|Any CPU
		{6A4AA54B-C1DE-470A-95C4-C6D1FE8FDA1F}.Debug|Any CPU.Build.0 = Debug|Any CPU
		{6A4AA54B-C1DE-470A-95C4-C6D1FE8FDA1F}.Release|Any CPU.ActiveCfg = Release|Any CPU
		{6A4AA54B-C1DE-470A-95C4-C6D1FE8FDA1F}.Release|Any CPU.Build.0 = Release|Any CPU
		{2D49FCAF-7B44-42B4-8DD1-E6F0E026082E}.Debug|Any CPU.ActiveCfg = Debug|Any CPU
		{2D49FCAF-7B44-42B4-8DD1-E6F0E026082E}.Debug|Any CPU.Build.0 = Debug|Any CPU
		{2D49FCAF-7B44-42B4-8DD1-E6F0E026082E}.Release|Any CPU.ActiveCfg = Release|Any CPU
		{2D49FCAF-7B44-42B4-8DD1-E6F0E026082E}.Release|Any CPU.Build.0 = Release|Any CPU
		{5B57E94A-B7F1-4C2F-AC25-1B9A30D79A9C}.Debug|Any CPU.ActiveCfg = Debug|Any CPU
		{5B57E94A-B7F1-4C2F-AC25-1B9A30D79A9C}.Debug|Any CPU.Build.0 = Debug|Any CPU
		{5B57E94A-B7F1-4C2F-AC25-1B9A30D79A9C}.Release|Any CPU.ActiveCfg = Release|Any CPU
		{5B57E94A-B7F1-4C2F-AC25-1B9A30D79A9C}.Release|Any CPU.Build.0 = Release|Any CPU
		{6A532518-F7A6-4E98-A8BF-00FA1A4D49CD}.Debug|Any CPU.ActiveCfg = Debug|Any CPU
		{6A532518-F7A6-4E98-A8BF-00FA1A4D49CD}.Debug|Any CPU.Build.0 = Debug|Any CPU
		{6A532518-F7A6-4E98-A8BF-00FA1A4D49CD}.Release|Any CPU.ActiveCfg = Release|Any CPU
		{6A532518-F7A6-4E98-A8BF-00FA1A4D49CD}.Release|Any CPU.Build.0 = Release|Any CPU
		{4FF7815E-2751-45AC-BEB7-DCAFC748D93B}.Debug|Any CPU.ActiveCfg = Debug|Any CPU
		{4FF7815E-2751-45AC-BEB7-DCAFC748D93B}.Debug|Any CPU.Build.0 = Debug|Any CPU
		{4FF7815E-2751-45AC-BEB7-DCAFC748D93B}.Release|Any CPU.ActiveCfg = Release|Any CPU
		{4FF7815E-2751-45AC-BEB7-DCAFC748D93B}.Release|Any CPU.Build.0 = Release|Any CPU
		{F228D09C-A723-460B-B777-4D0CECA8AE4E}.Debug|Any CPU.ActiveCfg = Debug|Any CPU
		{F228D09C-A723-460B-B777-4D0CECA8AE4E}.Debug|Any CPU.Build.0 = Debug|Any CPU
		{F228D09C-A723-460B-B777-4D0CECA8AE4E}.Release|Any CPU.ActiveCfg = Release|Any CPU
		{F228D09C-A723-460B-B777-4D0CECA8AE4E}.Release|Any CPU.Build.0 = Release|Any CPU
		{CB721C9B-5606-4FC8-B4ED-2146B1F03D93}.Debug|Any CPU.ActiveCfg = Debug|Any CPU
		{CB721C9B-5606-4FC8-B4ED-2146B1F03D93}.Debug|Any CPU.Build.0 = Debug|Any CPU
		{CB721C9B-5606-4FC8-B4ED-2146B1F03D93}.Release|Any CPU.ActiveCfg = Release|Any CPU
		{CB721C9B-5606-4FC8-B4ED-2146B1F03D93}.Release|Any CPU.Build.0 = Release|Any CPU
		{3BD52FA6-285C-4E33-855A-EA394C390041}.Debug|Any CPU.ActiveCfg = Debug|Any CPU
		{3BD52FA6-285C-4E33-855A-EA394C390041}.Debug|Any CPU.Build.0 = Debug|Any CPU
		{3BD52FA6-285C-4E33-855A-EA394C390041}.Release|Any CPU.ActiveCfg = Release|Any CPU
		{3BD52FA6-285C-4E33-855A-EA394C390041}.Release|Any CPU.Build.0 = Release|Any CPU
		{451A5AC5-04B3-4630-9833-BB405340F272}.Debug|Any CPU.ActiveCfg = Debug|Any CPU
		{451A5AC5-04B3-4630-9833-BB405340F272}.Debug|Any CPU.Build.0 = Debug|Any CPU
		{451A5AC5-04B3-4630-9833-BB405340F272}.Release|Any CPU.ActiveCfg = Release|Any CPU
		{451A5AC5-04B3-4630-9833-BB405340F272}.Release|Any CPU.Build.0 = Release|Any CPU
		{0A0A1A05-6537-4B94-BF20-131A62DE8575}.Debug|Any CPU.ActiveCfg = Debug|Any CPU
		{0A0A1A05-6537-4B94-BF20-131A62DE8575}.Debug|Any CPU.Build.0 = Debug|Any CPU
		{0A0A1A05-6537-4B94-BF20-131A62DE8575}.Release|Any CPU.ActiveCfg = Release|Any CPU
		{0A0A1A05-6537-4B94-BF20-131A62DE8575}.Release|Any CPU.Build.0 = Release|Any CPU
		{38D17E6D-DB52-403D-A0CB-D4EC2F3DA1EE}.Debug|Any CPU.ActiveCfg = Debug|Any CPU
		{38D17E6D-DB52-403D-A0CB-D4EC2F3DA1EE}.Debug|Any CPU.Build.0 = Debug|Any CPU
		{38D17E6D-DB52-403D-A0CB-D4EC2F3DA1EE}.Release|Any CPU.ActiveCfg = Release|Any CPU
		{38D17E6D-DB52-403D-A0CB-D4EC2F3DA1EE}.Release|Any CPU.Build.0 = Release|Any CPU
		{FB1C4C0A-4703-4CD9-8FF1-E4087AB5B2CC}.Debug|Any CPU.ActiveCfg = Debug|Any CPU
		{FB1C4C0A-4703-4CD9-8FF1-E4087AB5B2CC}.Debug|Any CPU.Build.0 = Debug|Any CPU
		{FB1C4C0A-4703-4CD9-8FF1-E4087AB5B2CC}.Release|Any CPU.ActiveCfg = Release|Any CPU
		{FB1C4C0A-4703-4CD9-8FF1-E4087AB5B2CC}.Release|Any CPU.Build.0 = Release|Any CPU
		{D834D01A-530A-4B9B-A599-5E8702DDB8E6}.Debug|Any CPU.ActiveCfg = Debug|Any CPU
		{D834D01A-530A-4B9B-A599-5E8702DDB8E6}.Debug|Any CPU.Build.0 = Debug|Any CPU
		{D834D01A-530A-4B9B-A599-5E8702DDB8E6}.Release|Any CPU.ActiveCfg = Release|Any CPU
		{D834D01A-530A-4B9B-A599-5E8702DDB8E6}.Release|Any CPU.Build.0 = Release|Any CPU
		{999B3053-1C98-41CC-BEB0-0EB94F00902E}.Debug|Any CPU.ActiveCfg = Debug|Any CPU
		{999B3053-1C98-41CC-BEB0-0EB94F00902E}.Debug|Any CPU.Build.0 = Debug|Any CPU
		{999B3053-1C98-41CC-BEB0-0EB94F00902E}.Release|Any CPU.ActiveCfg = Release|Any CPU
		{999B3053-1C98-41CC-BEB0-0EB94F00902E}.Release|Any CPU.Build.0 = Release|Any CPU
		{E9027EEA-5C70-4880-A42C-E363C9D6EB91}.Debug|Any CPU.ActiveCfg = Debug|Any CPU
		{E9027EEA-5C70-4880-A42C-E363C9D6EB91}.Debug|Any CPU.Build.0 = Debug|Any CPU
		{E9027EEA-5C70-4880-A42C-E363C9D6EB91}.Release|Any CPU.ActiveCfg = Release|Any CPU
		{E9027EEA-5C70-4880-A42C-E363C9D6EB91}.Release|Any CPU.Build.0 = Release|Any CPU
		{029AB320-D5A6-4E46-A245-AB9BD7E86FAD}.Debug|Any CPU.ActiveCfg = Debug|Any CPU
		{029AB320-D5A6-4E46-A245-AB9BD7E86FAD}.Debug|Any CPU.Build.0 = Debug|Any CPU
		{029AB320-D5A6-4E46-A245-AB9BD7E86FAD}.Release|Any CPU.ActiveCfg = Release|Any CPU
		{029AB320-D5A6-4E46-A245-AB9BD7E86FAD}.Release|Any CPU.Build.0 = Release|Any CPU
		{1E3A289F-7DA0-492A-803D-BDF1F932E52C}.Debug|Any CPU.ActiveCfg = Debug|Any CPU
		{1E3A289F-7DA0-492A-803D-BDF1F932E52C}.Debug|Any CPU.Build.0 = Debug|Any CPU
		{1E3A289F-7DA0-492A-803D-BDF1F932E52C}.Release|Any CPU.ActiveCfg = Release|Any CPU
		{1E3A289F-7DA0-492A-803D-BDF1F932E52C}.Release|Any CPU.Build.0 = Release|Any CPU
	EndGlobalSection
EndGlobal
